
Microsoft Visual Studio Solution File, Format Version 12.00
# Visual Studio Version 17
VisualStudioVersion = 17.5.33627.172
MinimumVisualStudioVersion = 10.0.40219.1
Project("{FAE04EC0-301F-11D3-BF4B-00C04F79EFBC}") = "myCompany", "myCompany\myCompany.csproj", "{14D0DA4E-76A3-4BDD-A520-1378422DEDA8}"
EndProject
Global
	GlobalSection(SolutionConfigurationPlatforms) = preSolution
		Debug|Any CPU = Debug|Any CPU
		Release|Any CPU = Release|Any CPU
	EndGlobalSection
	GlobalSection(ProjectConfigurationPlatforms) = postSolution
		{14D0DA4E-76A3-4BDD-A520-1378422DEDA8}.Debug|Any CPU.ActiveCfg = Debug|Any CPU
		{14D0DA4E-76A3-4BDD-A520-1378422DEDA8}.Debug|Any CPU.Build.0 = Debug|Any CPU
		{14D0DA4E-76A3-4BDD-A520-1378422DEDA8}.Release|Any CPU.ActiveCfg = Release|Any CPU
		{14D0DA4E-76A3-4BDD-A520-1378422DEDA8}.Release|Any CPU.Build.0 = Release|Any CPU
	EndGlobalSection
	GlobalSection(SolutionProperties) = preSolution
		HideSolutionNode = FALSE
	EndGlobalSection
	GlobalSection(ExtensibilityGlobals) = postSolution
		SolutionGuid = {EF3E9A98-FF7E-4FC1-92CB-1756629B4B3B}
	EndGlobalSection
EndGlobal
